
Microsoft Visual Studio Solution File, Format Version 12.00
# Visual Studio Version 17
VisualStudioVersion = 17.7.34202.233
MinimumVisualStudioVersion = 10.0.40219.1
Project("{FAE04EC0-301F-11D3-BF4B-00C04F79EFBC}") = "CRM", "CRM.csproj", "{B08762A4-551F-42CC-8104-BFCF420D0462}"
EndProject
Global
	GlobalSection(SolutionConfigurationPlatforms) = preSolution
		Debug|Any CPU = Debug|Any CPU
		Release|Any CPU = Release|Any CPU
	EndGlobalSection
	GlobalSection(ProjectConfigurationPlatforms) = postSolution
		{B08762A4-551F-42CC-8104-BFCF420D0462}.Debug|Any CPU.ActiveCfg = Debug|Any CPU
		{B08762A4-551F-42CC-8104-BFCF420D0462}.Debug|Any CPU.Build.0 = Debug|Any CPU
		{B08762A4-551F-42CC-8104-BFCF420D0462}.Release|Any CPU.ActiveCfg = Release|Any CPU
		{B08762A4-551F-42CC-8104-BFCF420D0462}.Release|Any CPU.Build.0 = Release|Any CPU
	EndGlobalSection
	GlobalSection(SolutionProperties) = preSolution
		HideSolutionNode = FALSE
	EndGlobalSection
	GlobalSection(ExtensibilityGlobals) = postSolution
		SolutionGuid = {E0C8E459-DAFA-499A-A5D8-901BF1DF8DCE}
	EndGlobalSection
EndGlobal
